// !$*UTF8*$!
{
	archiveVersion = 1;
	classes = {
	};
	objectVersion = 56;
	objects = {

/* Begin PBXBuildFile section */
		12468960298573CC003F12F2 /* Service.swift in Sources */ = {isa = PBXBuildFile; fileRef = 1246895F298573CC003F12F2 /* Service.swift */; };
		12468962298573D4003F12F2 /* EndPoint.swift in Sources */ = {isa = PBXBuildFile; fileRef = 12468961298573D4003F12F2 /* EndPoint.swift */; };
		12468964298573E1003F12F2 /* Request.swift in Sources */ = {isa = PBXBuildFile; fileRef = 12468963298573E1003F12F2 /* Request.swift */; };
		12ABDBDD29851C41001A3CB7 /* AppDelegate.swift in Sources */ = {isa = PBXBuildFile; fileRef = 12ABDBDC29851C41001A3CB7 /* AppDelegate.swift */; };
		12ABDBDF29851C41001A3CB7 /* SceneDelegate.swift in Sources */ = {isa = PBXBuildFile; fileRef = 12ABDBDE29851C41001A3CB7 /* SceneDelegate.swift */; };
		12ABDBE629851C43001A3CB7 /* Assets.xcassets in Resources */ = {isa = PBXBuildFile; fileRef = 12ABDBE529851C43001A3CB7 /* Assets.xcassets */; };
		12ABDBE929851C43001A3CB7 /* LaunchScreen.storyboard in Resources */ = {isa = PBXBuildFile; fileRef = 12ABDBE729851C43001A3CB7 /* LaunchScreen.storyboard */; };
		12ABDBF429851C43001A3CB7 /* RickAndMortyTests.swift in Sources */ = {isa = PBXBuildFile; fileRef = 12ABDBF329851C43001A3CB7 /* RickAndMortyTests.swift */; };
		12ABDBFE29851C43001A3CB7 /* RickAndMortyUITests.swift in Sources */ = {isa = PBXBuildFile; fileRef = 12ABDBFD29851C43001A3CB7 /* RickAndMortyUITests.swift */; };
		12ABDC0029851C43001A3CB7 /* RickAndMortyUITestsLaunchTests.swift in Sources */ = {isa = PBXBuildFile; fileRef = 12ABDBFF29851C43001A3CB7 /* RickAndMortyUITestsLaunchTests.swift */; };
		12ABDC0F29851E8D001A3CB7 /* TabBarViewController.swift in Sources */ = {isa = PBXBuildFile; fileRef = 12ABDC0E29851E8D001A3CB7 /* TabBarViewController.swift */; };
		12ABDC1129851EA8001A3CB7 /* EpisodesViewController.swift in Sources */ = {isa = PBXBuildFile; fileRef = 12ABDC1029851EA8001A3CB7 /* EpisodesViewController.swift */; };
		12ABDC1329851EBB001A3CB7 /* LocationsViewController.swift in Sources */ = {isa = PBXBuildFile; fileRef = 12ABDC1229851EBB001A3CB7 /* LocationsViewController.swift */; };
		12ABDC1529851ED9001A3CB7 /* CharacterViewController.swift in Sources */ = {isa = PBXBuildFile; fileRef = 12ABDC1429851ED9001A3CB7 /* CharacterViewController.swift */; };
		12ABDC1729851EE9001A3CB7 /* SettingsViewController.swift in Sources */ = {isa = PBXBuildFile; fileRef = 12ABDC1629851EE9001A3CB7 /* SettingsViewController.swift */; };
/* End PBXBuildFile section */

/* Begin PBXContainerItemProxy section */
		12ABDBF029851C43001A3CB7 /* PBXContainerItemProxy */ = {
			isa = PBXContainerItemProxy;
			containerPortal = 12ABDBD129851C41001A3CB7 /* Project object */;
			proxyType = 1;
			remoteGlobalIDString = 12ABDBD829851C41001A3CB7;
			remoteInfo = RickAndMorty;
		};
		12ABDBFA29851C43001A3CB7 /* PBXContainerItemProxy */ = {
			isa = PBXContainerItemProxy;
			containerPortal = 12ABDBD129851C41001A3CB7 /* Project object */;
			proxyType = 1;
			remoteGlobalIDString = 12ABDBD829851C41001A3CB7;
			remoteInfo = RickAndMorty;
		};
/* End PBXContainerItemProxy section */

/* Begin PBXFileReference section */
		1246895F298573CC003F12F2 /* Service.swift */ = {isa = PBXFileReference; lastKnownFileType = sourcecode.swift; path = Service.swift; sourceTree = "<group>"; };
		12468961298573D4003F12F2 /* EndPoint.swift */ = {isa = PBXFileReference; lastKnownFileType = sourcecode.swift; path = EndPoint.swift; sourceTree = "<group>"; };
		12468963298573E1003F12F2 /* Request.swift */ = {isa = PBXFileReference; lastKnownFileType = sourcecode.swift; path = Request.swift; sourceTree = "<group>"; };
		12ABDBD929851C41001A3CB7 /* RickAndMorty.app */ = {isa = PBXFileReference; explicitFileType = wrapper.application; includeInIndex = 0; path = RickAndMorty.app; sourceTree = BUILT_PRODUCTS_DIR; };
		12ABDBDC29851C41001A3CB7 /* AppDelegate.swift */ = {isa = PBXFileReference; lastKnownFileType = sourcecode.swift; path = AppDelegate.swift; sourceTree = "<group>"; };
		12ABDBDE29851C41001A3CB7 /* SceneDelegate.swift */ = {isa = PBXFileReference; lastKnownFileType = sourcecode.swift; path = SceneDelegate.swift; sourceTree = "<group>"; };
		12ABDBE529851C43001A3CB7 /* Assets.xcassets */ = {isa = PBXFileReference; lastKnownFileType = folder.assetcatalog; path = Assets.xcassets; sourceTree = "<group>"; };
		12ABDBE829851C43001A3CB7 /* Base */ = {isa = PBXFileReference; lastKnownFileType = file.storyboard; name = Base; path = Base.lproj/LaunchScreen.storyboard; sourceTree = "<group>"; };
		12ABDBEA29851C43001A3CB7 /* Info.plist */ = {isa = PBXFileReference; lastKnownFileType = text.plist.xml; path = Info.plist; sourceTree = "<group>"; };
		12ABDBEF29851C43001A3CB7 /* RickAndMortyTests.xctest */ = {isa = PBXFileReference; explicitFileType = wrapper.cfbundle; includeInIndex = 0; path = RickAndMortyTests.xctest; sourceTree = BUILT_PRODUCTS_DIR; };
		12ABDBF329851C43001A3CB7 /* RickAndMortyTests.swift */ = {isa = PBXFileReference; lastKnownFileType = sourcecode.swift; path = RickAndMortyTests.swift; sourceTree = "<group>"; };
		12ABDBF929851C43001A3CB7 /* RickAndMortyUITests.xctest */ = {isa = PBXFileReference; explicitFileType = wrapper.cfbundle; includeInIndex = 0; path = RickAndMortyUITests.xctest; sourceTree = BUILT_PRODUCTS_DIR; };
		12ABDBFD29851C43001A3CB7 /* RickAndMortyUITests.swift */ = {isa = PBXFileReference; lastKnownFileType = sourcecode.swift; path = RickAndMortyUITests.swift; sourceTree = "<group>"; };
		12ABDBFF29851C43001A3CB7 /* RickAndMortyUITestsLaunchTests.swift */ = {isa = PBXFileReference; lastKnownFileType = sourcecode.swift; path = RickAndMortyUITestsLaunchTests.swift; sourceTree = "<group>"; };
		12ABDC0E29851E8D001A3CB7 /* TabBarViewController.swift */ = {isa = PBXFileReference; lastKnownFileType = sourcecode.swift; path = TabBarViewController.swift; sourceTree = "<group>"; };
		12ABDC1029851EA8001A3CB7 /* EpisodesViewController.swift */ = {isa = PBXFileReference; lastKnownFileType = sourcecode.swift; path = EpisodesViewController.swift; sourceTree = "<group>"; };
		12ABDC1229851EBB001A3CB7 /* LocationsViewController.swift */ = {isa = PBXFileReference; lastKnownFileType = sourcecode.swift; path = LocationsViewController.swift; sourceTree = "<group>"; };
		12ABDC1429851ED9001A3CB7 /* CharacterViewController.swift */ = {isa = PBXFileReference; lastKnownFileType = sourcecode.swift; path = CharacterViewController.swift; sourceTree = "<group>"; };
		12ABDC1629851EE9001A3CB7 /* SettingsViewController.swift */ = {isa = PBXFileReference; lastKnownFileType = sourcecode.swift; path = SettingsViewController.swift; sourceTree = "<group>"; };
/* End PBXFileReference section */

/* Begin PBXFrameworksBuildPhase section */
		12ABDBD629851C41001A3CB7 /* Frameworks */ = {
			isa = PBXFrameworksBuildPhase;
			buildActionMask = 2147483647;
			files = (
			);
			runOnlyForDeploymentPostprocessing = 0;
		};
		12ABDBEC29851C43001A3CB7 /* Frameworks */ = {
			isa = PBXFrameworksBuildPhase;
			buildActionMask = 2147483647;
			files = (
			);
			runOnlyForDeploymentPostprocessing = 0;
		};
		12ABDBF629851C43001A3CB7 /* Frameworks */ = {
			isa = PBXFrameworksBuildPhase;
			buildActionMask = 2147483647;
			files = (
			);
			runOnlyForDeploymentPostprocessing = 0;
		};
/* End PBXFrameworksBuildPhase section */

/* Begin PBXGroup section */
		1246895E298573BF003F12F2 /* API Client */ = {
			isa = PBXGroup;
			children = (
				1246895F298573CC003F12F2 /* Service.swift */,
				12468963298573E1003F12F2 /* Request.swift */,
				12468961298573D4003F12F2 /* EndPoint.swift */,
			);
			path = "API Client";
			sourceTree = "<group>";
		};
		129C9988298533F5002C1889 /* Core */ = {
			isa = PBXGroup;
			children = (
				12ABDC0E29851E8D001A3CB7 /* TabBarViewController.swift */,
				12ABDC1429851ED9001A3CB7 /* CharacterViewController.swift */,
				12ABDC1629851EE9001A3CB7 /* SettingsViewController.swift */,
				12ABDC1029851EA8001A3CB7 /* EpisodesViewController.swift */,
				12ABDC1229851EBB001A3CB7 /* LocationsViewController.swift */,
			);
			path = Core;
			sourceTree = "<group>";
		};
		12ABDBD029851C41001A3CB7 = {
			isa = PBXGroup;
			children = (
				12ABDBDB29851C41001A3CB7 /* RickAndMorty */,
				12ABDBF229851C43001A3CB7 /* RickAndMortyTests */,
				12ABDBFC29851C43001A3CB7 /* RickAndMortyUITests */,
				12ABDBDA29851C41001A3CB7 /* Products */,
			);
			sourceTree = "<group>";
		};
		12ABDBDA29851C41001A3CB7 /* Products */ = {
			isa = PBXGroup;
			children = (
				12ABDBD929851C41001A3CB7 /* RickAndMorty.app */,
				12ABDBEF29851C43001A3CB7 /* RickAndMortyTests.xctest */,
				12ABDBF929851C43001A3CB7 /* RickAndMortyUITests.xctest */,
			);
			name = Products;
			sourceTree = "<group>";
		};
		12ABDBDB29851C41001A3CB7 /* RickAndMorty */ = {
			isa = PBXGroup;
			children = (
				1246895E298573BF003F12F2 /* API Client */,
				12ABDC0C29851DEC001A3CB7 /* Resources */,
				12ABDC0D29851E5C001A3CB7 /* Controllers */,
				12ABDBEA29851C43001A3CB7 /* Info.plist */,
			);
			path = RickAndMorty;
			sourceTree = "<group>";
		};
		12ABDBF229851C43001A3CB7 /* RickAndMortyTests */ = {
			isa = PBXGroup;
			children = (
				12ABDBF329851C43001A3CB7 /* RickAndMortyTests.swift */,
			);
			path = RickAndMortyTests;
			sourceTree = "<group>";
		};
		12ABDBFC29851C43001A3CB7 /* RickAndMortyUITests */ = {
			isa = PBXGroup;
			children = (
				12ABDBFD29851C43001A3CB7 /* RickAndMortyUITests.swift */,
				12ABDBFF29851C43001A3CB7 /* RickAndMortyUITestsLaunchTests.swift */,
			);
			path = RickAndMortyUITests;
			sourceTree = "<group>";
		};
		12ABDC0C29851DEC001A3CB7 /* Resources */ = {
			isa = PBXGroup;
			children = (
				12ABDBE529851C43001A3CB7 /* Assets.xcassets */,
				12ABDBE729851C43001A3CB7 /* LaunchScreen.storyboard */,
				12ABDBDC29851C41001A3CB7 /* AppDelegate.swift */,
				12ABDBDE29851C41001A3CB7 /* SceneDelegate.swift */,
			);
			path = Resources;
			sourceTree = "<group>";
		};
		12ABDC0D29851E5C001A3CB7 /* Controllers */ = {
			isa = PBXGroup;
			children = (
				129C9988298533F5002C1889 /* Core */,
			);
			path = Controllers;
			sourceTree = "<group>";
		};
/* End PBXGroup section */

/* Begin PBXNativeTarget section */
		12ABDBD829851C41001A3CB7 /* RickAndMorty */ = {
			isa = PBXNativeTarget;
			buildConfigurationList = 12ABDC0329851C43001A3CB7 /* Build configuration list for PBXNativeTarget "RickAndMorty" */;
			buildPhases = (
				12ABDBD529851C41001A3CB7 /* Sources */,
				12ABDBD629851C41001A3CB7 /* Frameworks */,
				12ABDBD729851C41001A3CB7 /* Resources */,
				12ABDC182985232D001A3CB7 /* ShellScript */,
			);
			buildRules = (
			);
			dependencies = (
			);
			name = RickAndMorty;
			productName = RickAndMorty;
			productReference = 12ABDBD929851C41001A3CB7 /* RickAndMorty.app */;
			productType = "com.apple.product-type.application";
		};
		12ABDBEE29851C43001A3CB7 /* RickAndMortyTests */ = {
			isa = PBXNativeTarget;
			buildConfigurationList = 12ABDC0629851C43001A3CB7 /* Build configuration list for PBXNativeTarget "RickAndMortyTests" */;
			buildPhases = (
				12ABDBEB29851C43001A3CB7 /* Sources */,
				12ABDBEC29851C43001A3CB7 /* Frameworks */,
				12ABDBED29851C43001A3CB7 /* Resources */,
			);
			buildRules = (
			);
			dependencies = (
				12ABDBF129851C43001A3CB7 /* PBXTargetDependency */,
			);
			name = RickAndMortyTests;
			productName = RickAndMortyTests;
			productReference = 12ABDBEF29851C43001A3CB7 /* RickAndMortyTests.xctest */;
			productType = "com.apple.product-type.bundle.unit-test";
		};
		12ABDBF829851C43001A3CB7 /* RickAndMortyUITests */ = {
			isa = PBXNativeTarget;
			buildConfigurationList = 12ABDC0929851C43001A3CB7 /* Build configuration list for PBXNativeTarget "RickAndMortyUITests" */;
			buildPhases = (
				12ABDBF529851C43001A3CB7 /* Sources */,
				12ABDBF629851C43001A3CB7 /* Frameworks */,
				12ABDBF729851C43001A3CB7 /* Resources */,
			);
			buildRules = (
			);
			dependencies = (
				12ABDBFB29851C43001A3CB7 /* PBXTargetDependency */,
			);
			name = RickAndMortyUITests;
			productName = RickAndMortyUITests;
			productReference = 12ABDBF929851C43001A3CB7 /* RickAndMortyUITests.xctest */;
			productType = "com.apple.product-type.bundle.ui-testing";
		};
/* End PBXNativeTarget section */

/* Begin PBXProject section */
		12ABDBD129851C41001A3CB7 /* Project object */ = {
			isa = PBXProject;
			attributes = {
				BuildIndependentTargetsInParallel = 1;
				LastSwiftUpdateCheck = 1420;
				LastUpgradeCheck = 1420;
				TargetAttributes = {
					12ABDBD829851C41001A3CB7 = {
						CreatedOnToolsVersion = 14.2;
					};
					12ABDBEE29851C43001A3CB7 = {
						CreatedOnToolsVersion = 14.2;
						TestTargetID = 12ABDBD829851C41001A3CB7;
					};
					12ABDBF829851C43001A3CB7 = {
						CreatedOnToolsVersion = 14.2;
						TestTargetID = 12ABDBD829851C41001A3CB7;
					};
				};
			};
			buildConfigurationList = 12ABDBD429851C41001A3CB7 /* Build configuration list for PBXProject "RickAndMorty" */;
			compatibilityVersion = "Xcode 14.0";
			developmentRegion = en;
			hasScannedForEncodings = 0;
			knownRegions = (
				en,
				Base,
			);
			mainGroup = 12ABDBD029851C41001A3CB7;
			productRefGroup = 12ABDBDA29851C41001A3CB7 /* Products */;
			projectDirPath = "";
			projectRoot = "";
			targets = (
				12ABDBD829851C41001A3CB7 /* RickAndMorty */,
				12ABDBEE29851C43001A3CB7 /* RickAndMortyTests */,
				12ABDBF829851C43001A3CB7 /* RickAndMortyUITests */,
			);
		};
/* End PBXProject section */

/* Begin PBXResourcesBuildPhase section */
		12ABDBD729851C41001A3CB7 /* Resources */ = {
			isa = PBXResourcesBuildPhase;
			buildActionMask = 2147483647;
			files = (
				12ABDBE929851C43001A3CB7 /* LaunchScreen.storyboard in Resources */,
				12ABDBE629851C43001A3CB7 /* Assets.xcassets in Resources */,
			);
			runOnlyForDeploymentPostprocessing = 0;
		};
		12ABDBED29851C43001A3CB7 /* Resources */ = {
			isa = PBXResourcesBuildPhase;
			buildActionMask = 2147483647;
			files = (
			);
			runOnlyForDeploymentPostprocessing = 0;
		};
		12ABDBF729851C43001A3CB7 /* Resources */ = {
			isa = PBXResourcesBuildPhase;
			buildActionMask = 2147483647;
			files = (
			);
			runOnlyForDeploymentPostprocessing = 0;
		};
/* End PBXResourcesBuildPhase section */

/* Begin PBXShellScriptBuildPhase section */
		12ABDC182985232D001A3CB7 /* ShellScript */ = {
			isa = PBXShellScriptBuildPhase;
			buildActionMask = 12;
			files = (
			);
			inputFileListPaths = (
			);
			inputPaths = (
			);
			outputFileListPaths = (
			);
			outputPaths = (
			);
			runOnlyForDeploymentPostprocessing = 0;
			shellPath = /bin/sh;
			shellScript = "# Type a script or drag a script file from your workspace to insert its path.\nkillall Simulator\n\n";
		};
/* End PBXShellScriptBuildPhase section */

/* Begin PBXSourcesBuildPhase section */
		12ABDBD529851C41001A3CB7 /* Sources */ = {
			isa = PBXSourcesBuildPhase;
			buildActionMask = 2147483647;
			files = (
				12ABDC1129851EA8001A3CB7 /* EpisodesViewController.swift in Sources */,
				12468960298573CC003F12F2 /* Service.swift in Sources */,
				12ABDC0F29851E8D001A3CB7 /* TabBarViewController.swift in Sources */,
				12468962298573D4003F12F2 /* EndPoint.swift in Sources */,
				12ABDC1529851ED9001A3CB7 /* CharacterViewController.swift in Sources */,
				12ABDBDD29851C41001A3CB7 /* AppDelegate.swift in Sources */,
				12ABDBDF29851C41001A3CB7 /* SceneDelegate.swift in Sources */,
				12468964298573E1003F12F2 /* Request.swift in Sources */,
				12ABDC1329851EBB001A3CB7 /* LocationsViewController.swift in Sources */,
				12ABDC1729851EE9001A3CB7 /* SettingsViewController.swift in Sources */,
			);
			runOnlyForDeploymentPostprocessing = 0;
		};
		12ABDBEB29851C43001A3CB7 /* Sources */ = {
			isa = PBXSourcesBuildPhase;
			buildActionMask = 2147483647;
			files = (
				12ABDBF429851C43001A3CB7 /* RickAndMortyTests.swift in Sources */,
			);
			runOnlyForDeploymentPostprocessing = 0;
		};
		12ABDBF529851C43001A3CB7 /* Sources */ = {
			isa = PBXSourcesBuildPhase;
			buildActionMask = 2147483647;
			files = (
				12ABDBFE29851C43001A3CB7 /* RickAndMortyUITests.swift in Sources */,
				12ABDC0029851C43001A3CB7 /* RickAndMortyUITestsLaunchTests.swift in Sources */,
			);
			runOnlyForDeploymentPostprocessing = 0;
		};
/* End PBXSourcesBuildPhase section */

/* Begin PBXTargetDependency section */
		12ABDBF129851C43001A3CB7 /* PBXTargetDependency */ = {
			isa = PBXTargetDependency;
			target = 12ABDBD829851C41001A3CB7 /* RickAndMorty */;
			targetProxy = 12ABDBF029851C43001A3CB7 /* PBXContainerItemProxy */;
		};
		12ABDBFB29851C43001A3CB7 /* PBXTargetDependency */ = {
			isa = PBXTargetDependency;
			target = 12ABDBD829851C41001A3CB7 /* RickAndMorty */;
			targetProxy = 12ABDBFA29851C43001A3CB7 /* PBXContainerItemProxy */;
		};
/* End PBXTargetDependency section */

/* Begin PBXVariantGroup section */
		12ABDBE729851C43001A3CB7 /* LaunchScreen.storyboard */ = {
			isa = PBXVariantGroup;
			children = (
				12ABDBE829851C43001A3CB7 /* Base */,
			);
			name = LaunchScreen.storyboard;
			sourceTree = "<group>";
		};
/* End PBXVariantGroup section */

/* Begin XCBuildConfiguration section */
		12ABDC0129851C43001A3CB7 /* Debug */ = {
			isa = XCBuildConfiguration;
			buildSettings = {
				ALWAYS_SEARCH_USER_PATHS = NO;
				CLANG_ANALYZER_NONNULL = YES;
				CLANG_ANALYZER_NUMBER_OBJECT_CONVERSION = YES_AGGRESSIVE;
				CLANG_CXX_LANGUAGE_STANDARD = "gnu++20";
				CLANG_ENABLE_MODULES = YES;
				CLANG_ENABLE_OBJC_ARC = YES;
				CLANG_ENABLE_OBJC_WEAK = YES;
				CLANG_WARN_BLOCK_CAPTURE_AUTORELEASING = YES;
				CLANG_WARN_BOOL_CONVERSION = YES;
				CLANG_WARN_COMMA = YES;
				CLANG_WARN_CONSTANT_CONVERSION = YES;
				CLANG_WARN_DEPRECATED_OBJC_IMPLEMENTATIONS = YES;
				CLANG_WARN_DIRECT_OBJC_ISA_USAGE = YES_ERROR;
				CLANG_WARN_DOCUMENTATION_COMMENTS = YES;
				CLANG_WARN_EMPTY_BODY = YES;
				CLANG_WARN_ENUM_CONVERSION = YES;
				CLANG_WARN_INFINITE_RECURSION = YES;
				CLANG_WARN_INT_CONVERSION = YES;
				CLANG_WARN_NON_LITERAL_NULL_CONVERSION = YES;
				CLANG_WARN_OBJC_IMPLICIT_RETAIN_SELF = YES;
				CLANG_WARN_OBJC_LITERAL_CONVERSION = YES;
				CLANG_WARN_OBJC_ROOT_CLASS = YES_ERROR;
				CLANG_WARN_QUOTED_INCLUDE_IN_FRAMEWORK_HEADER = YES;
				CLANG_WARN_RANGE_LOOP_ANALYSIS = YES;
				CLANG_WARN_STRICT_PROTOTYPES = YES;
				CLANG_WARN_SUSPICIOUS_MOVE = YES;
				CLANG_WARN_UNGUARDED_AVAILABILITY = YES_AGGRESSIVE;
				CLANG_WARN_UNREACHABLE_CODE = YES;
				CLANG_WARN__DUPLICATE_METHOD_MATCH = YES;
				COPY_PHASE_STRIP = NO;
				DEBUG_INFORMATION_FORMAT = dwarf;
				ENABLE_STRICT_OBJC_MSGSEND = YES;
				ENABLE_TESTABILITY = YES;
				GCC_C_LANGUAGE_STANDARD = gnu11;
				GCC_DYNAMIC_NO_PIC = NO;
				GCC_NO_COMMON_BLOCKS = YES;
				GCC_OPTIMIZATION_LEVEL = 0;
				GCC_PREPROCESSOR_DEFINITIONS = (
					"DEBUG=1",
					"$(inherited)",
				);
				GCC_WARN_64_TO_32_BIT_CONVERSION = YES;
				GCC_WARN_ABOUT_RETURN_TYPE = YES_ERROR;
				GCC_WARN_UNDECLARED_SELECTOR = YES;
				GCC_WARN_UNINITIALIZED_AUTOS = YES_AGGRESSIVE;
				GCC_WARN_UNUSED_FUNCTION = YES;
				GCC_WARN_UNUSED_VARIABLE = YES;
				IPHONEOS_DEPLOYMENT_TARGET = 16.2;
				MTL_ENABLE_DEBUG_INFO = INCLUDE_SOURCE;
				MTL_FAST_MATH = YES;
				ONLY_ACTIVE_ARCH = YES;
				SDKROOT = iphoneos;
				SWIFT_ACTIVE_COMPILATION_CONDITIONS = DEBUG;
				SWIFT_OPTIMIZATION_LEVEL = "-Onone";
			};
			name = Debug;
		};
		12ABDC0229851C43001A3CB7 /* Release */ = {
			isa = XCBuildConfiguration;
			buildSettings = {
				ALWAYS_SEARCH_USER_PATHS = NO;
				CLANG_ANALYZER_NONNULL = YES;
				CLANG_ANALYZER_NUMBER_OBJECT_CONVERSION = YES_AGGRESSIVE;
				CLANG_CXX_LANGUAGE_STANDARD = "gnu++20";
				CLANG_ENABLE_MODULES = YES;
				CLANG_ENABLE_OBJC_ARC = YES;
				CLANG_ENABLE_OBJC_WEAK = YES;
				CLANG_WARN_BLOCK_CAPTURE_AUTORELEASING = YES;
				CLANG_WARN_BOOL_CONVERSION = YES;
				CLANG_WARN_COMMA = YES;
				CLANG_WARN_CONSTANT_CONVERSION = YES;
				CLANG_WARN_DEPRECATED_OBJC_IMPLEMENTATIONS = YES;
				CLANG_WARN_DIRECT_OBJC_ISA_USAGE = YES_ERROR;
				CLANG_WARN_DOCUMENTATION_COMMENTS = YES;
				CLANG_WARN_EMPTY_BODY = YES;
				CLANG_WARN_ENUM_CONVERSION = YES;
				CLANG_WARN_INFINITE_RECURSION = YES;
				CLANG_WARN_INT_CONVERSION = YES;
				CLANG_WARN_NON_LITERAL_NULL_CONVERSION = YES;
				CLANG_WARN_OBJC_IMPLICIT_RETAIN_SELF = YES;
				CLANG_WARN_OBJC_LITERAL_CONVERSION = YES;
				CLANG_WARN_OBJC_ROOT_CLASS = YES_ERROR;
				CLANG_WARN_QUOTED_INCLUDE_IN_FRAMEWORK_HEADER = YES;
				CLANG_WARN_RANGE_LOOP_ANALYSIS = YES;
				CLANG_WARN_STRICT_PROTOTYPES = YES;
				CLANG_WARN_SUSPICIOUS_MOVE = YES;
				CLANG_WARN_UNGUARDED_AVAILABILITY = YES_AGGRESSIVE;
				CLANG_WARN_UNREACHABLE_CODE = YES;
				CLANG_WARN__DUPLICATE_METHOD_MATCH = YES;
				COPY_PHASE_STRIP = NO;
				DEBUG_INFORMATION_FORMAT = "dwarf-with-dsym";
				ENABLE_NS_ASSERTIONS = NO;
				ENABLE_STRICT_OBJC_MSGSEND = YES;
				GCC_C_LANGUAGE_STANDARD = gnu11;
				GCC_NO_COMMON_BLOCKS = YES;
				GCC_WARN_64_TO_32_BIT_CONVERSION = YES;
				GCC_WARN_ABOUT_RETURN_TYPE = YES_ERROR;
				GCC_WARN_UNDECLARED_SELECTOR = YES;
				GCC_WARN_UNINITIALIZED_AUTOS = YES_AGGRESSIVE;
				GCC_WARN_UNUSED_FUNCTION = YES;
				GCC_WARN_UNUSED_VARIABLE = YES;
				IPHONEOS_DEPLOYMENT_TARGET = 16.2;
				MTL_ENABLE_DEBUG_INFO = NO;
				MTL_FAST_MATH = YES;
				SDKROOT = iphoneos;
				SWIFT_COMPILATION_MODE = wholemodule;
				SWIFT_OPTIMIZATION_LEVEL = "-O";
				VALIDATE_PRODUCT = YES;
			};
			name = Release;
		};
		12ABDC0429851C43001A3CB7 /* Debug */ = {
			isa = XCBuildConfiguration;
			buildSettings = {
				ASSETCATALOG_COMPILER_APPICON_NAME = AppIcon;
				ASSETCATALOG_COMPILER_GLOBAL_ACCENT_COLOR_NAME = AccentColor;
				CODE_SIGN_STYLE = Automatic;
				CURRENT_PROJECT_VERSION = 1;
				GENERATE_INFOPLIST_FILE = YES;
				INFOPLIST_FILE = RickAndMorty/Info.plist;
				INFOPLIST_KEY_UIApplicationSupportsIndirectInputEvents = YES;
				INFOPLIST_KEY_UILaunchStoryboardName = LaunchScreen;
				INFOPLIST_KEY_UISupportedInterfaceOrientations_iPad = "UIInterfaceOrientationPortrait UIInterfaceOrientationPortraitUpsideDown UIInterfaceOrientationLandscapeLeft UIInterfaceOrientationLandscapeRight";
				INFOPLIST_KEY_UISupportedInterfaceOrientations_iPhone = "UIInterfaceOrientationPortrait UIInterfaceOrientationLandscapeLeft UIInterfaceOrientationLandscapeRight";
				LD_RUNPATH_SEARCH_PATHS = (
					"$(inherited)",
					"@executable_path/Frameworks",
				);
				MARKETING_VERSION = 1.0;
				PRODUCT_BUNDLE_IDENTIFIER = com.jaffer.1.RickAndMorty;
				PRODUCT_NAME = "$(TARGET_NAME)";
				SWIFT_EMIT_LOC_STRINGS = YES;
				SWIFT_VERSION = 5.0;
				TARGETED_DEVICE_FAMILY = "1,2";
			};
			name = Debug;
		};
		12ABDC0529851C43001A3CB7 /* Release */ = {
			isa = XCBuildConfiguration;
			buildSettings = {
				ASSETCATALOG_COMPILER_APPICON_NAME = AppIcon;
				ASSETCATALOG_COMPILER_GLOBAL_ACCENT_COLOR_NAME = AccentColor;
				CODE_SIGN_STYLE = Automatic;
				CURRENT_PROJECT_VERSION = 1;
				GENERATE_INFOPLIST_FILE = YES;
				INFOPLIST_FILE = RickAndMorty/Info.plist;
				INFOPLIST_KEY_UIApplicationSupportsIndirectInputEvents = YES;
				INFOPLIST_KEY_UILaunchStoryboardName = LaunchScreen;
				INFOPLIST_KEY_UISupportedInterfaceOrientations_iPad = "UIInterfaceOrientationPortrait UIInterfaceOrientationPortraitUpsideDown UIInterfaceOrientationLandscapeLeft UIInterfaceOrientationLandscapeRight";
				INFOPLIST_KEY_UISupportedInterfaceOrientations_iPhone = "UIInterfaceOrientationPortrait UIInterfaceOrientationLandscapeLeft UIInterfaceOrientationLandscapeRight";
				LD_RUNPATH_SEARCH_PATHS = (
					"$(inherited)",
					"@executable_path/Frameworks",
				);
				MARKETING_VERSION = 1.0;
				PRODUCT_BUNDLE_IDENTIFIER = com.jaffer.1.RickAndMorty;
				PRODUCT_NAME = "$(TARGET_NAME)";
				SWIFT_EMIT_LOC_STRINGS = YES;
				SWIFT_VERSION = 5.0;
				TARGETED_DEVICE_FAMILY = "1,2";
			};
			name = Release;
		};
		12ABDC0729851C43001A3CB7 /* Debug */ = {
			isa = XCBuildConfiguration;
			buildSettings = {
				ALWAYS_EMBED_SWIFT_STANDARD_LIBRARIES = YES;
				BUNDLE_LOADER = "$(TEST_HOST)";
				CODE_SIGN_STYLE = Automatic;
				CURRENT_PROJECT_VERSION = 1;
				GENERATE_INFOPLIST_FILE = YES;
				IPHONEOS_DEPLOYMENT_TARGET = 16.2;
				MARKETING_VERSION = 1.0;
				PRODUCT_BUNDLE_IDENTIFIER = com.jaffer.1.RickAndMortyTests;
				PRODUCT_NAME = "$(TARGET_NAME)";
				SWIFT_EMIT_LOC_STRINGS = NO;
				SWIFT_VERSION = 5.0;
				TARGETED_DEVICE_FAMILY = "1,2";
				TEST_HOST = "$(BUILT_PRODUCTS_DIR)/RickAndMorty.app/$(BUNDLE_EXECUTABLE_FOLDER_PATH)/RickAndMorty";
			};
			name = Debug;
		};
		12ABDC0829851C43001A3CB7 /* Release */ = {
			isa = XCBuildConfiguration;
			buildSettings = {
				ALWAYS_EMBED_SWIFT_STANDARD_LIBRARIES = YES;
				BUNDLE_LOADER = "$(TEST_HOST)";
				CODE_SIGN_STYLE = Automatic;
				CURRENT_PROJECT_VERSION = 1;
				GENERATE_INFOPLIST_FILE = YES;
				IPHONEOS_DEPLOYMENT_TARGET = 16.2;
				MARKETING_VERSION = 1.0;
				PRODUCT_BUNDLE_IDENTIFIER = com.jaffer.1.RickAndMortyTests;
				PRODUCT_NAME = "$(TARGET_NAME)";
				SWIFT_EMIT_LOC_STRINGS = NO;
				SWIFT_VERSION = 5.0;
				TARGETED_DEVICE_FAMILY = "1,2";
				TEST_HOST = "$(BUILT_PRODUCTS_DIR)/RickAndMorty.app/$(BUNDLE_EXECUTABLE_FOLDER_PATH)/RickAndMorty";
			};
			name = Release;
		};
		12ABDC0A29851C43001A3CB7 /* Debug */ = {
			isa = XCBuildConfiguration;
			buildSettings = {
				ALWAYS_EMBED_SWIFT_STANDARD_LIBRARIES = YES;
				CODE_SIGN_STYLE = Automatic;
				CURRENT_PROJECT_VERSION = 1;
				GENERATE_INFOPLIST_FILE = YES;
				MARKETING_VERSION = 1.0;
				PRODUCT_BUNDLE_IDENTIFIER = com.jaffer.1.RickAndMortyUITests;
				PRODUCT_NAME = "$(TARGET_NAME)";
				SWIFT_EMIT_LOC_STRINGS = NO;
				SWIFT_VERSION = 5.0;
				TARGETED_DEVICE_FAMILY = "1,2";
				TEST_TARGET_NAME = RickAndMorty;
			};
			name = Debug;
		};
		12ABDC0B29851C43001A3CB7 /* Release */ = {
			isa = XCBuildConfiguration;
			buildSettings = {
				ALWAYS_EMBED_SWIFT_STANDARD_LIBRARIES = YES;
				CODE_SIGN_STYLE = Automatic;
				CURRENT_PROJECT_VERSION = 1;
				GENERATE_INFOPLIST_FILE = YES;
				MARKETING_VERSION = 1.0;
				PRODUCT_BUNDLE_IDENTIFIER = com.jaffer.1.RickAndMortyUITests;
				PRODUCT_NAME = "$(TARGET_NAME)";
				SWIFT_EMIT_LOC_STRINGS = NO;
				SWIFT_VERSION = 5.0;
				TARGETED_DEVICE_FAMILY = "1,2";
				TEST_TARGET_NAME = RickAndMorty;
			};
			name = Release;
		};
/* End XCBuildConfiguration section */

/* Begin XCConfigurationList section */
		12ABDBD429851C41001A3CB7 /* Build configuration list for PBXProject "RickAndMorty" */ = {
			isa = XCConfigurationList;
			buildConfigurations = (
				12ABDC0129851C43001A3CB7 /* Debug */,
				12ABDC0229851C43001A3CB7 /* Release */,
			);
			defaultConfigurationIsVisible = 0;
			defaultConfigurationName = Release;
		};
		12ABDC0329851C43001A3CB7 /* Build configuration list for PBXNativeTarget "RickAndMorty" */ = {
			isa = XCConfigurationList;
			buildConfigurations = (
				12ABDC0429851C43001A3CB7 /* Debug */,
				12ABDC0529851C43001A3CB7 /* Release */,
			);
			defaultConfigurationIsVisible = 0;
			defaultConfigurationName = Release;
		};
		12ABDC0629851C43001A3CB7 /* Build configuration list for PBXNativeTarget "RickAndMortyTests" */ = {
			isa = XCConfigurationList;
			buildConfigurations = (
				12ABDC0729851C43001A3CB7 /* Debug */,
				12ABDC0829851C43001A3CB7 /* Release */,
			);
			defaultConfigurationIsVisible = 0;
			defaultConfigurationName = Release;
		};
		12ABDC0929851C43001A3CB7 /* Build configuration list for PBXNativeTarget "RickAndMortyUITests" */ = {
			isa = XCConfigurationList;
			buildConfigurations = (
				12ABDC0A29851C43001A3CB7 /* Debug */,
				12ABDC0B29851C43001A3CB7 /* Release */,
			);
			defaultConfigurationIsVisible = 0;
			defaultConfigurationName = Release;
		};
/* End XCConfigurationList section */
	};
	rootObject = 12ABDBD129851C41001A3CB7 /* Project object */;
}
